
Microsoft Visual Studio Solution File, Format Version 12.00
# Visual Studio Version 16
VisualStudioVersion = 16.0.30907.101
MinimumVisualStudioVersion = 10.0.40219.1
Project("{9092AA53-FB77-4645-B42D-1CCCA6BD08BD}") = "MathPractice", "MathPractice\MathPractice.njsproj", "{99B5B6F6-01DC-43F4-8431-31D9601C729E}"
EndProject
Global
	GlobalSection(SolutionConfigurationPlatforms) = preSolution
		Debug|Any CPU = Debug|Any CPU
		Release|Any CPU = Release|Any CPU
	EndGlobalSection
	GlobalSection(ProjectConfigurationPlatforms) = postSolution
		{99B5B6F6-01DC-43F4-8431-31D9601C729E}.Debug|Any CPU.ActiveCfg = Debug|Any CPU
		{99B5B6F6-01DC-43F4-8431-31D9601C729E}.Debug|Any CPU.Build.0 = Debug|Any CPU
		{99B5B6F6-01DC-43F4-8431-31D9601C729E}.Release|Any CPU.ActiveCfg = Release|Any CPU
		{99B5B6F6-01DC-43F4-8431-31D9601C729E}.Release|Any CPU.Build.0 = Release|Any CPU
	EndGlobalSection
	GlobalSection(SolutionProperties) = preSolution
		HideSolutionNode = FALSE
	EndGlobalSection
	GlobalSection(ExtensibilityGlobals) = postSolution
		SolutionGuid = {D50A9D42-5BCC-4C83-9C0C-97EEA752D0FD}
	EndGlobalSection
EndGlobal
